
Microsoft Visual Studio Solution File, Format Version 12.00
# Visual Studio Version 16
VisualStudioVersion = 16.0.30804.86
MinimumVisualStudioVersion = 10.0.40219.1
Project("{FAE04EC0-301F-11D3-BF4B-00C04F79EFBC}") = "MarsRover.Domain", "MarsRover.Domain\MarsRover.Domain.csproj", "{3E22F409-7833-4FFD-8C8D-0309625F8911}"
EndProject
Project("{FAE04EC0-301F-11D3-BF4B-00C04F79EFBC}") = "MarsRover.Domain.Tests", "MarsRover.Domain.Tests\MarsRover.Domain.Tests.csproj", "{872C3C3F-F85E-4615-82AD-50C98A1B8F51}"
EndProject
Project("{FAE04EC0-301F-11D3-BF4B-00C04F79EFBC}") = "MarsRover.Application", "MarsRover.Application\MarsRover.Application.csproj", "{53033B6D-9690-483D-9FEC-21B8771A71C7}"
EndProject
Project("{FAE04EC0-301F-11D3-BF4B-00C04F79EFBC}") = "MarsRover.Application.Tests", "MarsRover.Application.Tests\MarsRover.Application.Tests.csproj", "{D89B5518-7B08-49EB-8A3D-25CC83BF8C17}"
EndProject
Project("{FAE04EC0-301F-11D3-BF4B-00C04F79EFBC}") = "MarsRover.Scenario.Tests", "MarsRover.Scenario.Tests\MarsRover.Scenario.Tests.csproj", "{36F91FDB-6215-4803-8A58-6E362ACD0152}"
EndProject
Global
	GlobalSection(SolutionConfigurationPlatforms) = preSolution
		Debug|Any CPU = Debug|Any CPU
		Release|Any CPU = Release|Any CPU
	EndGlobalSection
	GlobalSection(ProjectConfigurationPlatforms) = postSolution
		{3E22F409-7833-4FFD-8C8D-0309625F8911}.Debug|Any CPU.ActiveCfg = Debug|Any CPU
		{3E22F409-7833-4FFD-8C8D-0309625F8911}.Debug|Any CPU.Build.0 = Debug|Any CPU
		{3E22F409-7833-4FFD-8C8D-0309625F8911}.Release|Any CPU.ActiveCfg = Release|Any CPU
		{3E22F409-7833-4FFD-8C8D-0309625F8911}.Release|Any CPU.Build.0 = Release|Any CPU
		{872C3C3F-F85E-4615-82AD-50C98A1B8F51}.Debug|Any CPU.ActiveCfg = Debug|Any CPU
		{872C3C3F-F85E-4615-82AD-50C98A1B8F51}.Debug|Any CPU.Build.0 = Debug|Any CPU
		{872C3C3F-F85E-4615-82AD-50C98A1B8F51}.Release|Any CPU.ActiveCfg = Release|Any CPU
		{872C3C3F-F85E-4615-82AD-50C98A1B8F51}.Release|Any CPU.Build.0 = Release|Any CPU
		{53033B6D-9690-483D-9FEC-21B8771A71C7}.Debug|Any CPU.ActiveCfg = Debug|Any CPU
		{53033B6D-9690-483D-9FEC-21B8771A71C7}.Debug|Any CPU.Build.0 = Debug|Any CPU
		{53033B6D-9690-483D-9FEC-21B8771A71C7}.Release|Any CPU.ActiveCfg = Release|Any CPU
		{53033B6D-9690-483D-9FEC-21B8771A71C7}.Release|Any CPU.Build.0 = Release|Any CPU
		{D89B5518-7B08-49EB-8A3D-25CC83BF8C17}.Debug|Any CPU.ActiveCfg = Debug|Any CPU
		{D89B5518-7B08-49EB-8A3D-25CC83BF8C17}.Debug|Any CPU.Build.0 = Debug|Any CPU
		{D89B5518-7B08-49EB-8A3D-25CC83BF8C17}.Release|Any CPU.ActiveCfg = Release|Any CPU
		{D89B5518-7B08-49EB-8A3D-25CC83BF8C17}.Release|Any CPU.Build.0 = Release|Any CPU
		{36F91FDB-6215-4803-8A58-6E362ACD0152}.Debug|Any CPU.ActiveCfg = Debug|Any CPU
		{36F91FDB-6215-4803-8A58-6E362ACD0152}.Debug|Any CPU.Build.0 = Debug|Any CPU
		{36F91FDB-6215-4803-8A58-6E362ACD0152}.Release|Any CPU.ActiveCfg = Release|Any CPU
		{36F91FDB-6215-4803-8A58-6E362ACD0152}.Release|Any CPU.Build.0 = Release|Any CPU
	EndGlobalSection
	GlobalSection(SolutionProperties) = preSolution
		HideSolutionNode = FALSE
	EndGlobalSection
	GlobalSection(ExtensibilityGlobals) = postSolution
		SolutionGuid = {F552D6A4-21EF-4E11-96AE-F33E10235C36}
	EndGlobalSection
EndGlobal
